PODS:
  - Flutter (1.0.0)
  - update_checker (0.0.1):
    - Flutter

DEPENDENCIES:
  - Flutter (from `Flutter`)
  - update_checker (from `.symlinks/plugins/update_checker/ios`)

EXTERNAL SOURCES:
  Flutter:
    :path: Flutter
  update_checker:
    :path: ".symlinks/plugins/update_checker/ios"

SPEC CHECKSUMS:
  Flutter: 434fef37c0980e73bb6479ef766c45957d4b510c
  update_checker: c6e67edc496318845c62f7447e20515106f3a55b

PODFILE CHECKSUM: aafe91acc616949ddb318b77800a7f51bffa2a4c

COCOAPODS: 1.10.1
